lockfileVersion: '9.0'

settings:
  autoInstallPeers: true
  excludeLinksFromLockfile: false

importers:

  .:
    dependencies:
      '@tanstack/react-query-devtools':
        specifier: ^5.87.1
        version: 5.87.1(@tanstack/react-query@5.87.1(react@19.1.1))(react@19.1.1)

packages:

  '@tanstack/query-core@5.87.1':
    resolution: {integrity: sha512-HOFHVvhOCprrWvtccSzc7+RNqpnLlZ5R6lTmngb8aq7b4rc2/jDT0w+vLdQ4lD9bNtQ+/A4GsFXy030Gk4ollA==}

  '@tanstack/query-devtools@5.86.0':
    resolution: {integrity: sha512-/JDw9BP80eambEK/EsDMGAcsL2VFT+8F5KCOwierjPU7QP8Wt1GT32yJpn3qOinBM8/zS3Jy36+F0GiyJp411A==}

  '@tanstack/react-query-devtools@5.87.1':
    resolution: {integrity: sha512-YPuEub8RQrrsXOxoiMJn33VcGPIeuVINWBgLu9RLSQB8ueXaKlGLZ3NJkahGpbt2AbWf749FQ6R+1jBFk3kdCA==}
    peerDependencies:
      '@tanstack/react-query': ^5.87.1
      react: ^18 || ^19

  '@tanstack/react-query@5.87.1':
    resolution: {integrity: sha512-YKauf8jfMowgAqcxj96AHs+Ux3m3bWT1oSVKamaRPXSnW2HqSznnTCEkAVqctF1e/W9R/mPcyzzINIgpOH94qg==}
    peerDependencies:
      react: ^18 || ^19

  react@19.1.1:
    resolution: {integrity: sha512-w8nqGImo45dmMIfljjMwOGtbmC/mk4CMYhWIicdSflH91J9TyCyczcPFXJzrZ/ZXcgGRFeP6BU0BEJTw6tZdfQ==}
    engines: {node: '>=0.10.0'}

snapshots:

  '@tanstack/query-core@5.87.1': {}

  '@tanstack/query-devtools@5.86.0': {}

  '@tanstack/react-query-devtools@5.87.1(@tanstack/react-query@5.87.1(react@19.1.1))(react@19.1.1)':
    dependencies:
      '@tanstack/query-devtools': 5.86.0
      '@tanstack/react-query': 5.87.1(react@19.1.1)
      react: 19.1.1

  '@tanstack/react-query@5.87.1(react@19.1.1)':
    dependencies:
      '@tanstack/query-core': 5.87.1
      react: 19.1.1

  react@19.1.1: {}
